github.com/LeakIX/l9format v0.0.0-20201214172344-92448ed9b3f1 h1:bw2GtYjcgyaw4ucqw5NUZZmTZhT7qUWdYok4YlDNfjo=
github.com/LeakIX/l9format v0.0.0-20201214172344-92448ed9b3f1/go.mod h1:UJJb5cEIdbCv59AmmFYtp53kdzIyC5cfV1urqxVyZEo=
github.com/LeakIX/l9format v0.0.0-20201214183107-bda2d15387d4 h1:Fa9TeOFB46O+AKfV7PY7+IqZh4gNBvevIRIQ+1olDoM=
github.com/LeakIX/l9format v0.0.0-20201214183107-bda2d15387d4/go.mod h1:UJJb5cEIdbCv59AmmFYtp53kdzIyC5cfV1urqxVyZEo=
github.com/LeakIX/l9format v0.0.0-20201214183251-85618e704451 h1:Er4XOQ/L7pPgeWRwl9CehaOeox93wMvTxncjLBfGiCc=
github.com/LeakIX/l9format v0.0.0-20201214183251-85618e704451/go.mod h1:UJJb5cEIdbCv59AmmFYtp53kdzIyC5cfV1urqxVyZEo=
github.com/LeakIX/l9format v0.0.0-20201214184229-1b6d6f175430 h1:ZjtA1EPzIK67BjSWyK0g4rx7X1K5PQ+qMzCorhIobUI=
github.com/LeakIX/l9format v0.0.0-20201214184229-1b6d6f175430/go.mod h1:UJJb5cEIdbCv59AmmFYtp53kdzIyC5cfV1urqxVyZEo=
github.com/LeakIX/l9format v0.0.0-20201214184546-abc025b96832 h1:5pZxSmVHDScYId1htltbmjApfJAQ/xfwUkKp3BEHxac=
github.com/LeakIX/l9format v0.0.0-20201214184546-abc025b96832/go.mod h1:UJJb5cEIdbCv59AmmFYtp53kdzIyC5cfV1urqxVyZEo=
github.com/LeakIX/l9format v0.0.0-20201214185033-bc0d31e5d673 h1:O+xQSjbN4P+GNFeSxWuMS0OoiA4WnjTLuIoCPQE/Gls=
github.com/LeakIX/l9format v0.0.0-20201214185033-bc0d31e5d673/go.mod h1:g/Lf4+9A69MaI9F6bJS6UcEbvSbv1NS5rLx/vLpHnYw=
github.com/LeakIX/l9format v0.0.0-20201214185722-170aef568a70 h1:h99z/O+zBi0aw140R4mCBGLxk4tkhsoWcASJ/dlcihU=
github.com/LeakIX/l9format v0.0.0-20201214185722-170aef568a70/go.mod h1:g/Lf4+9A69MaI9F6bJS6UcEbvSbv1NS5rLx/vLpHnYw=
github.com/LeakIX/l9format v0.0.0-20201214194036-4d7ce311a788 h1:M/pi4lgankXjOondTgXl13YSZ1AjONWjXqOktP6aJEc=
github.com/LeakIX/l9format v0.0.0-20201214194036-4d7ce311a788/go.mod h1:g/Lf4+9A69MaI9F6bJS6UcEbvSbv1NS5rLx/vLpHnYw=
github.com/LeakIX/l9format v0.0.0-20201214194857-15eaa1b9a01a h1:7t4y3keR0BLpALbZvV8Dd+qIAFvQlntf4L75pf/pZo4=
github.com/LeakIX/l9format v0.0.0-20201214194857-15eaa1b9a01a/go.mod h1:g/Lf4+9A69MaI9F6bJS6UcEbvSbv1NS5rLx/vLpHnYw=
github.com/LeakIX/l9format v0.0.0-20201214201915-eb4e52acb7ec h1:wV3Ig0IarcaLkpC4RelQYLOdcW/j6xFtuFWle3L7OxY=
github.com/LeakIX/l9format v0.0.0-20201214201915-eb4e52acb7ec/go.mod h1:g/Lf4+9A69MaI9F6bJS6UcEbvSbv1NS5rLx/vLpHnYw=
github.com/LeakIX/l9format v0.0.0-20201214210401-15e0f43e4b97 h1:UB/vlM/z/wTLLTQyBFL35YM9SfTdNAGLy4RO2B7YczM=
github.com/LeakIX/l9format v0.0.0-20201214210401-15e0f43e4b97/go.mod h1:g/Lf4+9A69MaI9F6bJS6UcEbvSbv1NS5rLx/vLpHnYw=
github.com/LeakIX/l9format v0.6.0 h1:VcjKDz5fyTmMGl/Vsdm1QE/72EZAj0wDjXTom93N+IE=
github.com/LeakIX/l9format v0.6.0/go.mod h1:g/Lf4+9A69MaI9F6bJS6UcEbvSbv1NS5rLx/vLpHnYw=
github.com/LeakIX/l9format v0.6.1-0.20201218164246-ccadea61e953 h1:b5thGDGmNxCClgPMb34d0M9qQE10xAUI0rA59then5o=
github.com/LeakIX/l9format v0.6.1-0.20201218164246-ccadea61e953/go.mod h1:g/Lf4+9A69MaI9F6bJS6UcEbvSbv1NS5rLx/vLpHnYw=
github.com/LeakIX/l9format v0.6.1-0.20201218173407-26e34c2e4de0 h1:/VTfGp4K/N7mXGDOrlAJd6RsgKwykFVyw8lruMOMFRM=
github.com/LeakIX/l9format v0.6.1-0.20201218173407-26e34c2e4de0/go.mod h1:g/Lf4+9A69MaI9F6bJS6UcEbvSbv1NS5rLx/vLpHnYw=
github.com/LeakIX/l9format v0.7.0 h1:52MFPzYOH2uZRRdx0mo3VtGTE6VysvKS0UCOPNajRHA=
github.com/LeakIX/l9format v0.7.0/go.mod h1:g/Lf4+9A69MaI9F6bJS6UcEbvSbv1NS5rLx/vLpHnYw=
github.com/Machiel/slugify v1.0.1 h1:EfWSlRWstMadsgzmiV7d0yVd2IFlagWH68Q+DcYCm4E=
github.com/Machiel/slugify v1.0.1/go.mod h1:fTFGn5uWEynW4CUMG7sWkYXOf1UgDxyTM3DbR6Qfg3k=
github.com/alecthomas/kong v0.2.12-0.20201112003237-5a9b3ae0120c h1:xl3vsr+ZAOkAbz3M0AzIepoYYulJ7gKBAJVoW68RaoM=
github.com/alecthomas/kong v0.2.12-0.20201112003237-5a9b3ae0120c/go.mod h1:kQOmtJgV+Lb4aj+I2LEn40cbtawdWJ9Y8QLq+lElKxE=
github.com/davecgh/go-spew v1.1.0/go.mod h1:J7Y8YcW2NihsgmVo/mv3lAwl/skON4iLHjSsI+c5H38=
github.com/davecgh/go-spew v1.1.1 h1:vj9j/u1bqnvCEfJOwUhtlOARqs3+rkHYY13jYWTU97c=
github.com/davecgh/go-spew v1.1.1/go.mod h1:J7Y8YcW2NihsgmVo/mv3lAwl/skON4iLHjSsI+c5H38=
github.com/gboddin/goccm v0.0.0-20201205182630-c48e23986e1e h1:Cv/T9l4iNyi6keuiTPFIyxMSe4thWq1SAMd7TgHH17o=
github.com/gboddin/goccm v0.0.0-20201205182630-c48e23986e1e/go.mod h1:ASva8kr1z1Gdw2T2wc+qz6ynTzEQ2knG+Buly4NOG+k=
github.com/kr/pretty v0.1.0 h1:L/CwN0zerZDmRFUapSPitk6f+Q3+0za1rQkzVuMiMFI=
github.com/kr/pretty v0.1.0/go.mod h1:dAy3ld7l9f0ibDNOQOHHMYYIIbhfbHSm3C4ZsoJORNo=
github.com/kr/pty v1.1.1/go.mod h1:pFQYn66WHrOpPYNljwOMqo10TkYh1fy3cYio2l3bCsQ=
github.com/kr/text v0.1.0 h1:45sCR5RtlFHMR4UwH9sdQ5TC8v0qDQCHnXt+kaKSTVE=
github.com/kr/text v0.1.0/go.mod h1:4Jbv+DJW3UT/LiOwJeYQe1efqtUx/iVham/4vfdArNI=
github.com/pkg/errors v0.8.1 h1:iURUrRGxPUNPdy5/HRSm+Yj6okJ6UtLINN0Q9M4+h3I=
github.com/pkg/errors v0.8.1/go.mod h1:bwawxfHBFNV+L2hUp1rHADufV3IMtnDRdf1r5NINEl0=
github.com/pkg/errors v0.9.1 h1:FEBLx1zS214owpjy7qsBeixbURkuhQAwrK5UwLGTwt4=
github.com/pkg/errors v0.9.1/go.mod h1:bwawxfHBFNV+L2hUp1rHADufV3IMtnDRdf1r5NINEl0=
github.com/pmezard/go-difflib v1.0.0 h1:4DBwDE0NGyQoBHbLQYPwSUPoCMWR5BEzIk/f1lZbAQM=
github.com/pmezard/go-difflib v1.0.0/go.mod h1:iKH77koFhYxTK1pcRnkKkqfTogsbg7gZNVY4sRDYZ/4=
github.com/stretchr/objx v0.1.0/go.mod h1:HFkY916IF+rwdDfMAkV7OtwuqBVzrE8GR6GFx+wExME=
github.com/stretchr/testify v1.2.2 h1:bSDNvY7ZPG5RlJ8otE/7V6gMiyenm9RtJ7IUVIAoJ1w=
github.com/stretchr/testify v1.2.2/go.mod h1:a8OnRcib4nhh0OaRAV+Yts87kKdq0PP7pXfy6kDkUVs=
github.com/stretchr/testify v1.6.1 h1:hDPOHmpOpP40lSULcqw7IrRb/u7w6RpDC9399XyoNd0=
github.com/stretchr/testify v1.6.1/go.mod h1:6Fq8oRcR53rry900zMqJjRRixrwX3KX962/h/Wwjteg=
gitlab.nobody.run/tbi/core v0.0.0-20201124161030-42e21c6deb8e h1:0EEfNlVSZtV1q/CqAXpoPcAgyim7s04kAKVmRkhUOfY=
gitlab.nobody.run/tbi/core v0.0.0-20201124161030-42e21c6deb8e/go.mod h1:obLTFd7diUMk/cXeXJpgYdsj5OKn5c0EARFPatcZQCk=
gitlab.nobody.run/tbi/socksme v0.0.0-20201130024528-3ad02d4108c5 h1:OUBbWsRDwvD6Nu6rP8PN6xGxIxXpVPBPBE9iuvDQH90=
gitlab.nobody.run/tbi/socksme v0.0.0-20201130024528-3ad02d4108c5/go.mod h1:2R0aT7bhH9+xiSielZpKS/TL4nTki1jxOCCgXN8BzV8=
golang.org/x/net v0.0.0-20201209123823-ac852fbbde11 h1:lwlPPsmjDKK0J6eG6xDWd5XPehI0R024zxjDnw3esPA=
golang.org/x/net v0.0.0-20201209123823-ac852fbbde11/go.mod h1:m0MpNAwzfU5UDzcl9v0D8zg8gWTRqZa9RBIspLL5mdg=
golang.org/x/sys v0.0.0-20201119102817-f84b799fce68/go.mod h1:h1NjWce9XRLGQEsW7wpKNCjG9DtNlClVuFLEZdDNbEs=
golang.org/x/term v0.0.0-20201126162022-7de9c90e9dd1/go.mod h1:bj7SfCRtBDWHUb9snDiAeCFNEtKQo2Wmx5Cou7ajbmo=
golang.org/x/text v0.3.3/go.mod h1:5Zoc/QRtKVWzQhOtBMvqHzDpF6irO9z98xDceosuGiQ=
golang.org/x/tools v0.0.0-20180917221912-90fa682c2a6e/go.mod h1:n7NCudcB/nEzxVGmLbDWY5pfWTLqBcC2KZ6jyYvM4mQ=
gopkg.in/check.v1 v0.0.0-20161208181325-20d25e280405/go.mod h1:Co6ibVJAznAaIkqp8huTwlJQCZ016jof/cbN4VW5Yz0=
gopkg.in/check.v1 v1.0.0-20180628173108-788fd7840127 h1:qIbj1fsPNlZgppZ+VLlY7N33q108Sa+fhmuc+sWQYwY=
gopkg.in/check.v1 v1.0.0-20180628173108-788fd7840127/go.mod h1:Co6ibVJAznAaIkqp8huTwlJQCZ016jof/cbN4VW5Yz0=
gopkg.in/yaml.v3 v3.0.0-20200313102051-9f266ea9e77c h1:dUUwHk2QECo/6vqA44rthZ8ie2QXMNeKRTHCNY2nXvo=
gopkg.in/yaml.v3 v3.0.0-20200313102051-9f266ea9e77c/go.mod h1:K4uyk7z7BCEPqu6E+C64Yfv1cQ7kz7rIZviUmN+EgEM=
