github.com/LeakIX/l9format v0.7.1 h1:IQ6EzkXtlgH7YDMD7bb3kdE666zjzjUHb98mbTf5X1s=
github.com/LeakIX/l9format v0.7.1/go.mod h1:g/Lf4+9A69MaI9F6bJS6UcEbvSbv1NS5rLx/vLpHnYw=
github.com/LeakIX/l9format v0.7.2-0.20210129155813-16c8519f79d7 h1:ED8Jz12iydbriIUu8oIWvrIYpuvutZ01TTOMPcmBtpE=
github.com/LeakIX/l9format v0.7.2-0.20210129155813-16c8519f79d7/go.mod h1:g/Lf4+9A69MaI9F6bJS6UcEbvSbv1NS5rLx/vLpHnYw=
github.com/LeakIX/l9format v0.7.2-0.20210129163203-7a7173378ff8 h1:d3J0PSdIEFyygRkL0++LCDwH5woChM9C33upuSY1Tt4=
github.com/LeakIX/l9format v0.7.2-0.20210129163203-7a7173378ff8/go.mod h1:g/Lf4+9A69MaI9F6bJS6UcEbvSbv1NS5rLx/vLpHnYw=
github.com/LeakIX/l9format v0.7.2-0.20210129165950-333c40e3b59f h1:F7yMkGptiF+1SYDII++6dbwrEjnMqOYmcL6Yp7A2VGM=
github.com/LeakIX/l9format v0.7.2-0.20210129165950-333c40e3b59f/go.mod h1:g/Lf4+9A69MaI9F6bJS6UcEbvSbv1NS5rLx/vLpHnYw=
github.com/LeakIX/l9format v0.7.2-0.20210129171632-362d311e40dd h1:hDgHHKjF0cqKvawqWhkRZypd/tEbiJ0438PwXuX74Ns=
github.com/LeakIX/l9format v0.7.2-0.20210129171632-362d311e40dd/go.mod h1:g/Lf4+9A69MaI9F6bJS6UcEbvSbv1NS5rLx/vLpHnYw=
github.com/LeakIX/l9format v0.7.2-0.20210129171933-2b45cb10680f h1:ybqILLQ4bq8A0sohP/nSg71gOh8Jg2J3Zf9ZIRsYNZo=
github.com/LeakIX/l9format v0.7.2-0.20210129171933-2b45cb10680f/go.mod h1:g/Lf4+9A69MaI9F6bJS6UcEbvSbv1NS5rLx/vLpHnYw=
github.com/LeakIX/l9format v0.7.2-0.20210130035237-f0f44267d885 h1:QUP9sQxxPTu7tfIbjlLNh5DCcqk0kxyrzTzKr0QgVcU=
github.com/LeakIX/l9format v0.7.2-0.20210130035237-f0f44267d885/go.mod h1:g/Lf4+9A69MaI9F6bJS6UcEbvSbv1NS5rLx/vLpHnYw=
github.com/LeakIX/l9format v0.8.0 h1:l/w3Tout9T8+gK0IMmXnXiSKl7iOKRHq9T8OktUevgY=
github.com/LeakIX/l9format v0.8.0/go.mod h1:g/Lf4+9A69MaI9F6bJS6UcEbvSbv1NS5rLx/vLpHnYw=
github.com/Machiel/slugify v1.0.1 h1:EfWSlRWstMadsgzmiV7d0yVd2IFlagWH68Q+DcYCm4E=
github.com/Machiel/slugify v1.0.1/go.mod h1:fTFGn5uWEynW4CUMG7sWkYXOf1UgDxyTM3DbR6Qfg3k=
github.com/PuerkitoBio/goquery v1.6.1 h1:FgjbQZKl5HTmcn4sKBgvx8vv63nhyhIpv7lJpFGCWpk=
github.com/PuerkitoBio/goquery v1.6.1/go.mod h1:GsLWisAFVj4WgDibEWF4pvYnkVQBpKBKeU+7zCJoLcc=
github.com/alecthomas/kong v0.2.12-0.20201112003237-5a9b3ae0120c h1:xl3vsr+ZAOkAbz3M0AzIepoYYulJ7gKBAJVoW68RaoM=
github.com/alecthomas/kong v0.2.12-0.20201112003237-5a9b3ae0120c/go.mod h1:kQOmtJgV+Lb4aj+I2LEn40cbtawdWJ9Y8QLq+lElKxE=
github.com/andybalholm/cascadia v1.1.0 h1:BuuO6sSfQNFRu1LppgbD25Hr2vLYW25JvxHs5zzsLTo=
github.com/andybalholm/cascadia v1.1.0/go.mod h1:GsXiBklL0woXo1j/WYWtSYYC4ouU9PqHO0sqidkEA4Y=
github.com/andybalholm/cascadia v1.2.0 h1:vuRCkM5Ozh/BfmsaTm26kbjm0mIOM3yS5Ek/F5h18aE=
github.com/andybalholm/cascadia v1.2.0/go.mod h1:YCyR8vOZT9aZ1CHEd8ap0gMVm2aFgxBp0T0eFw1RUQY=
github.com/davecgh/go-spew v1.1.0/go.mod h1:J7Y8YcW2NihsgmVo/mv3lAwl/skON4iLHjSsI+c5H38=
github.com/davecgh/go-spew v1.1.1 h1:vj9j/u1bqnvCEfJOwUhtlOARqs3+rkHYY13jYWTU97c=
github.com/davecgh/go-spew v1.1.1/go.mod h1:J7Y8YcW2NihsgmVo/mv3lAwl/skON4iLHjSsI+c5H38=
github.com/gboddin/goccm v0.0.0-20201205182630-c48e23986e1e h1:Cv/T9l4iNyi6keuiTPFIyxMSe4thWq1SAMd7TgHH17o=
github.com/gboddin/goccm v0.0.0-20201205182630-c48e23986e1e/go.mod h1:ASva8kr1z1Gdw2T2wc+qz6ynTzEQ2knG+Buly4NOG+k=
github.com/kr/pretty v0.1.0 h1:L/CwN0zerZDmRFUapSPitk6f+Q3+0za1rQkzVuMiMFI=
github.com/kr/pretty v0.1.0/go.mod h1:dAy3ld7l9f0ibDNOQOHHMYYIIbhfbHSm3C4ZsoJORNo=
github.com/kr/pty v1.1.1/go.mod h1:pFQYn66WHrOpPYNljwOMqo10TkYh1fy3cYio2l3bCsQ=
github.com/kr/text v0.1.0 h1:45sCR5RtlFHMR4UwH9sdQ5TC8v0qDQCHnXt+kaKSTVE=
github.com/kr/text v0.1.0/go.mod h1:4Jbv+DJW3UT/LiOwJeYQe1efqtUx/iVham/4vfdArNI=
github.com/pkg/errors v0.8.1 h1:iURUrRGxPUNPdy5/HRSm+Yj6okJ6UtLINN0Q9M4+h3I=
github.com/pkg/errors v0.8.1/go.mod h1:bwawxfHBFNV+L2hUp1rHADufV3IMtnDRdf1r5NINEl0=
github.com/pkg/errors v0.9.1 h1:FEBLx1zS214owpjy7qsBeixbURkuhQAwrK5UwLGTwt4=
github.com/pkg/errors v0.9.1/go.mod h1:bwawxfHBFNV+L2hUp1rHADufV3IMtnDRdf1r5NINEl0=
github.com/pmezard/go-difflib v1.0.0 h1:4DBwDE0NGyQoBHbLQYPwSUPoCMWR5BEzIk/f1lZbAQM=
github.com/pmezard/go-difflib v1.0.0/go.mod h1:iKH77koFhYxTK1pcRnkKkqfTogsbg7gZNVY4sRDYZ/4=
github.com/stretchr/objx v0.1.0/go.mod h1:HFkY916IF+rwdDfMAkV7OtwuqBVzrE8GR6GFx+wExME=
github.com/stretchr/testify v1.2.2 h1:bSDNvY7ZPG5RlJ8otE/7V6gMiyenm9RtJ7IUVIAoJ1w=
github.com/stretchr/testify v1.2.2/go.mod h1:a8OnRcib4nhh0OaRAV+Yts87kKdq0PP7pXfy6kDkUVs=
github.com/stretchr/testify v1.6.1 h1:hDPOHmpOpP40lSULcqw7IrRb/u7w6RpDC9399XyoNd0=
github.com/stretchr/testify v1.6.1/go.mod h1:6Fq8oRcR53rry900zMqJjRRixrwX3KX962/h/Wwjteg=
gitlab.nobody.run/tbi/core v0.0.0-20201124161030-42e21c6deb8e h1:0EEfNlVSZtV1q/CqAXpoPcAgyim7s04kAKVmRkhUOfY=
gitlab.nobody.run/tbi/core v0.0.0-20201124161030-42e21c6deb8e/go.mod h1:obLTFd7diUMk/cXeXJpgYdsj5OKn5c0EARFPatcZQCk=
gitlab.nobody.run/tbi/socksme v0.0.0-20201130024528-3ad02d4108c5 h1:OUBbWsRDwvD6Nu6rP8PN6xGxIxXpVPBPBE9iuvDQH90=
gitlab.nobody.run/tbi/socksme v0.0.0-20201130024528-3ad02d4108c5/go.mod h1:2R0aT7bhH9+xiSielZpKS/TL4nTki1jxOCCgXN8BzV8=
golang.org/x/crypto v0.0.0-20190308221718-c2843e01d9a2/go.mod h1:djNgcEr1/C05ACkg1iLfiJU5Ep61QUkGW8qpdssI0+w=
golang.org/x/net v0.0.0-20180218175443-cbe0f9307d01/go.mod h1:mL1N/T3taQHkDXs73rZJwtUhF3w3ftmwwsq0BUmARs4=
golang.org/x/net v0.0.0-20200202094626-16171245cfb2/go.mod h1:z5CRVTTTmAJ677TzLLGU+0bjPO0LkuOLi4/5GtJWs/s=
golang.org/x/net v0.0.0-20201209123823-ac852fbbde11 h1:lwlPPsmjDKK0J6eG6xDWd5XPehI0R024zxjDnw3esPA=
golang.org/x/net v0.0.0-20201209123823-ac852fbbde11/go.mod h1:m0MpNAwzfU5UDzcl9v0D8zg8gWTRqZa9RBIspLL5mdg=
golang.org/x/net v0.0.0-20210119194325-5f4716e94777 h1:003p0dJM77cxMSyCPFphvZf/Y5/NXf5fzg6ufd1/Oew=
golang.org/x/net v0.0.0-20210119194325-5f4716e94777/go.mod h1:m0MpNAwzfU5UDzcl9v0D8zg8gWTRqZa9RBIspLL5mdg=
golang.org/x/sys v0.0.0-20190215142949-d0b11bdaac8a/go.mod h1:STP8DvDyc/dI5b8T5hshtkjS+E42TnysNCUPdjciGhY=
golang.org/x/sys v0.0.0-20201119102817-f84b799fce68/go.mod h1:h1NjWce9XRLGQEsW7wpKNCjG9DtNlClVuFLEZdDNbEs=
golang.org/x/term v0.0.0-20201126162022-7de9c90e9dd1/go.mod h1:bj7SfCRtBDWHUb9snDiAeCFNEtKQo2Wmx5Cou7ajbmo=
golang.org/x/text v0.3.0/go.mod h1:NqM8EUOU14njkJ3fqMW+pc6Ldnwhi/IjpwHt7yyuwOQ=
golang.org/x/text v0.3.3/go.mod h1:5Zoc/QRtKVWzQhOtBMvqHzDpF6irO9z98xDceosuGiQ=
golang.org/x/tools v0.0.0-20180917221912-90fa682c2a6e/go.mod h1:n7NCudcB/nEzxVGmLbDWY5pfWTLqBcC2KZ6jyYvM4mQ=
gopkg.in/check.v1 v0.0.0-20161208181325-20d25e280405/go.mod h1:Co6ibVJAznAaIkqp8huTwlJQCZ016jof/cbN4VW5Yz0=
gopkg.in/check.v1 v1.0.0-20180628173108-788fd7840127 h1:qIbj1fsPNlZgppZ+VLlY7N33q108Sa+fhmuc+sWQYwY=
gopkg.in/check.v1 v1.0.0-20180628173108-788fd7840127/go.mod h1:Co6ibVJAznAaIkqp8huTwlJQCZ016jof/cbN4VW5Yz0=
gopkg.in/yaml.v3 v3.0.0-20200313102051-9f266ea9e77c h1:dUUwHk2QECo/6vqA44rthZ8ie2QXMNeKRTHCNY2nXvo=
gopkg.in/yaml.v3 v3.0.0-20200313102051-9f266ea9e77c/go.mod h1:K4uyk7z7BCEPqu6E+C64Yfv1cQ7kz7rIZviUmN+EgEM=
